
Microsoft Visual Studio Solution File, Format Version 10.00
# Visual Studio 2008
Project("{FAE04EC0-301F-11D3-BF4B-00C04F79EFBC}") = "slingr", "slingr\slingr.csproj", "{F5355FBD-9FEB-4830-8F1A-FC966A7356A6}"
EndProject
Project("{FAE04EC0-301F-11D3-BF4B-00C04F79EFBC}") = "slingr-radar", "slingr-radar\slingr-radar.csproj", "{72D2AA28-3FD3-4377-BD0A-C0A5DC8E5C54}"
EndProject
Global
	GlobalSection(SolutionConfigurationPlatforms) = preSolution
		Debug|iPhoneSimulator = Debug|iPhoneSimulator
		Release|iPhoneSimulator = Release|iPhoneSimulator
		Debug|iPhone = Debug|iPhone
		Release|iPhone = Release|iPhone
		Debug|Any CPU = Debug|Any CPU
		Release|Any CPU = Release|Any CPU
	EndGlobalSection
	GlobalSection(ProjectConfigurationPlatforms) = postSolution
		{72D2AA28-3FD3-4377-BD0A-C0A5DC8E5C54}.Debug|Any CPU.ActiveCfg = Debug|Any CPU
		{72D2AA28-3FD3-4377-BD0A-C0A5DC8E5C54}.Debug|Any CPU.Build.0 = Debug|Any CPU
		{72D2AA28-3FD3-4377-BD0A-C0A5DC8E5C54}.Debug|iPhone.ActiveCfg = Debug|Any CPU
		{72D2AA28-3FD3-4377-BD0A-C0A5DC8E5C54}.Debug|iPhone.Build.0 = Debug|Any CPU
		{72D2AA28-3FD3-4377-BD0A-C0A5DC8E5C54}.Debug|iPhoneSimulator.ActiveCfg = Debug|Any CPU
		{72D2AA28-3FD3-4377-BD0A-C0A5DC8E5C54}.Debug|iPhoneSimulator.Build.0 = Debug|Any CPU
		{72D2AA28-3FD3-4377-BD0A-C0A5DC8E5C54}.Release|Any CPU.ActiveCfg = Release|Any CPU
		{72D2AA28-3FD3-4377-BD0A-C0A5DC8E5C54}.Release|Any CPU.Build.0 = Release|Any CPU
		{72D2AA28-3FD3-4377-BD0A-C0A5DC8E5C54}.Release|iPhone.ActiveCfg = Release|Any CPU
		{72D2AA28-3FD3-4377-BD0A-C0A5DC8E5C54}.Release|iPhone.Build.0 = Release|Any CPU
		{72D2AA28-3FD3-4377-BD0A-C0A5DC8E5C54}.Release|iPhoneSimulator.ActiveCfg = Release|Any CPU
		{72D2AA28-3FD3-4377-BD0A-C0A5DC8E5C54}.Release|iPhoneSimulator.Build.0 = Release|Any CPU
		{F5355FBD-9FEB-4830-8F1A-FC966A7356A6}.Debug|Any CPU.ActiveCfg = Debug|Any CPU
		{F5355FBD-9FEB-4830-8F1A-FC966A7356A6}.Debug|Any CPU.Build.0 = Debug|Any CPU
		{F5355FBD-9FEB-4830-8F1A-FC966A7356A6}.Debug|iPhone.ActiveCfg = Debug|Any CPU
		{F5355FBD-9FEB-4830-8F1A-FC966A7356A6}.Debug|iPhone.Build.0 = Debug|Any CPU
		{F5355FBD-9FEB-4830-8F1A-FC966A7356A6}.Debug|iPhoneSimulator.ActiveCfg = Debug|Any CPU
		{F5355FBD-9FEB-4830-8F1A-FC966A7356A6}.Debug|iPhoneSimulator.Build.0 = Debug|Any CPU
		{F5355FBD-9FEB-4830-8F1A-FC966A7356A6}.Release|Any CPU.ActiveCfg = Release|Any CPU
		{F5355FBD-9FEB-4830-8F1A-FC966A7356A6}.Release|Any CPU.Build.0 = Release|Any CPU
		{F5355FBD-9FEB-4830-8F1A-FC966A7356A6}.Release|iPhone.ActiveCfg = Release|Any CPU
		{F5355FBD-9FEB-4830-8F1A-FC966A7356A6}.Release|iPhone.Build.0 = Release|Any CPU
		{F5355FBD-9FEB-4830-8F1A-FC966A7356A6}.Release|iPhoneSimulator.ActiveCfg = Release|Any CPU
		{F5355FBD-9FEB-4830-8F1A-FC966A7356A6}.Release|iPhoneSimulator.Build.0 = Release|Any CPU
	EndGlobalSection
	GlobalSection(MonoDevelopProperties) = preSolution
		StartupItem = slingr-radar\slingr-radar.csproj
		version = 0.1
	EndGlobalSection
EndGlobal
